
Microsoft Visual Studio Solution File, Format Version 12.00
# Visual Studio Version 17
VisualStudioVersion = 17.9.34622.214
MinimumVisualStudioVersion = 10.0.40219.1
Project("{9A19103F-16F7-4668-BE54-9A1E7A4F7556}") = "AgendaApp2.API", "AgendaApp2.API\AgendaApp2.API.csproj", "{B3FB7ABB-79E8-4901-954D-ABFA0A7EBD33}"
EndProject
Project("{2150E333-8FDC-42A3-9474-1A3956D46DE8}") = "1- API", "1- API", "{2859AEB7-E423-499A-87B7-DE1B6CEA19FD}"
EndProject
Project("{2150E333-8FDC-42A3-9474-1A3956D46DE8}") = "2 - DATA", "2 - DATA", "{6B72FEAD-A9EB-4C2E-881A-D4E8D2A674ED}"
EndProject
Project("{FAE04EC0-301F-11D3-BF4B-00C04F79EFBC}") = "AgendaApp2.Data", "AgendaApp2.Data\AgendaApp2.Data.csproj", "{0B952261-C857-4DEF-9ABC-B457E04D0402}"
EndProject
Global
	GlobalSection(SolutionConfigurationPlatforms) = preSolution
		Debug|Any CPU = Debug|Any CPU
		Release|Any CPU = Release|Any CPU
	EndGlobalSection
	GlobalSection(ProjectConfigurationPlatforms) = postSolution
		{B3FB7ABB-79E8-4901-954D-ABFA0A7EBD33}.Debug|Any CPU.ActiveCfg = Debug|Any CPU
		{B3FB7ABB-79E8-4901-954D-ABFA0A7EBD33}.Debug|Any CPU.Build.0 = Debug|Any CPU
		{B3FB7ABB-79E8-4901-954D-ABFA0A7EBD33}.Release|Any CPU.ActiveCfg = Release|Any CPU
		{B3FB7ABB-79E8-4901-954D-ABFA0A7EBD33}.Release|Any CPU.Build.0 = Release|Any CPU
		{0B952261-C857-4DEF-9ABC-B457E04D0402}.Debug|Any CPU.ActiveCfg = Debug|Any CPU
		{0B952261-C857-4DEF-9ABC-B457E04D0402}.Debug|Any CPU.Build.0 = Debug|Any CPU
		{0B952261-C857-4DEF-9ABC-B457E04D0402}.Release|Any CPU.ActiveCfg = Release|Any CPU
		{0B952261-C857-4DEF-9ABC-B457E04D0402}.Release|Any CPU.Build.0 = Release|Any CPU
	EndGlobalSection
	GlobalSection(SolutionProperties) = preSolution
		HideSolutionNode = FALSE
	EndGlobalSection
	GlobalSection(NestedProjects) = preSolution
		{B3FB7ABB-79E8-4901-954D-ABFA0A7EBD33} = {2859AEB7-E423-499A-87B7-DE1B6CEA19FD}
		{0B952261-C857-4DEF-9ABC-B457E04D0402} = {6B72FEAD-A9EB-4C2E-881A-D4E8D2A674ED}
	EndGlobalSection
	GlobalSection(ExtensibilityGlobals) = postSolution
		SolutionGuid = {4BE81F19-B7BB-467E-A9C3-371C2EDF736D}
	EndGlobalSection
EndGlobal
